
Microsoft Visual Studio Solution File, Format Version 12.00
# Visual Studio Version 17
VisualStudioVersion = 17.0.32112.339
MinimumVisualStudioVersion = 10.0.40219.1
Project("{FAE04EC0-301F-11D3-BF4B-00C04F79EFBC}") = "SingleResponsibility", "SingleResponsibility\SingleResponsibility.csproj", "{28671861-EBCB-4936-997A-823DD5C44EA3}"
EndProject
Project("{FAE04EC0-301F-11D3-BF4B-00C04F79EFBC}") = "OpenClosedPrinciple", "OpenClosedprinciple\OpenClosedPrinciple.csproj", "{411E49BE-4992-473C-9E00-EE9C4B396B7D}"
EndProject
Project("{FAE04EC0-301F-11D3-BF4B-00C04F79EFBC}") = "LiskovSubstitutionPrinciples", "LiskovSubstitutionPrinciples\LiskovSubstitutionPrinciples.csproj", "{D7ACFD0E-D5D1-4CB6-A044-201413EB96FC}"
EndProject
Project("{FAE04EC0-301F-11D3-BF4B-00C04F79EFBC}") = "InterfaceSegregationPrinciple", "InterfaceSegregationPrinciple\InterfaceSegregationPrinciple.csproj", "{5615B5B1-D280-45C7-862F-80B39631B8CE}"
EndProject
Global
	GlobalSection(SolutionConfigurationPlatforms) = preSolution
		Debug|Any CPU = Debug|Any CPU
		Release|Any CPU = Release|Any CPU
	EndGlobalSection
	GlobalSection(ProjectConfigurationPlatforms) = postSolution
		{28671861-EBCB-4936-997A-823DD5C44EA3}.Debug|Any CPU.ActiveCfg = Debug|Any CPU
		{28671861-EBCB-4936-997A-823DD5C44EA3}.Debug|Any CPU.Build.0 = Debug|Any CPU
		{28671861-EBCB-4936-997A-823DD5C44EA3}.Release|Any CPU.ActiveCfg = Release|Any CPU
		{28671861-EBCB-4936-997A-823DD5C44EA3}.Release|Any CPU.Build.0 = Release|Any CPU
		{411E49BE-4992-473C-9E00-EE9C4B396B7D}.Debug|Any CPU.ActiveCfg = Debug|Any CPU
		{411E49BE-4992-473C-9E00-EE9C4B396B7D}.Debug|Any CPU.Build.0 = Debug|Any CPU
		{411E49BE-4992-473C-9E00-EE9C4B396B7D}.Release|Any CPU.ActiveCfg = Release|Any CPU
		{411E49BE-4992-473C-9E00-EE9C4B396B7D}.Release|Any CPU.Build.0 = Release|Any CPU
		{D7ACFD0E-D5D1-4CB6-A044-201413EB96FC}.Debug|Any CPU.ActiveCfg = Debug|Any CPU
		{D7ACFD0E-D5D1-4CB6-A044-201413EB96FC}.Debug|Any CPU.Build.0 = Debug|Any CPU
		{D7ACFD0E-D5D1-4CB6-A044-201413EB96FC}.Release|Any CPU.ActiveCfg = Release|Any CPU
		{D7ACFD0E-D5D1-4CB6-A044-201413EB96FC}.Release|Any CPU.Build.0 = Release|Any CPU
		{5615B5B1-D280-45C7-862F-80B39631B8CE}.Debug|Any CPU.ActiveCfg = Debug|Any CPU
		{5615B5B1-D280-45C7-862F-80B39631B8CE}.Debug|Any CPU.Build.0 = Debug|Any CPU
		{5615B5B1-D280-45C7-862F-80B39631B8CE}.Release|Any CPU.ActiveCfg = Release|Any CPU
		{5615B5B1-D280-45C7-862F-80B39631B8CE}.Release|Any CPU.Build.0 = Release|Any CPU
	EndGlobalSection
	GlobalSection(SolutionProperties) = preSolution
		HideSolutionNode = FALSE
	EndGlobalSection
	GlobalSection(ExtensibilityGlobals) = postSolution
		SolutionGuid = {97A13C82-1929-48E4-B17F-440427B3EA63}
	EndGlobalSection
EndGlobal
